// !$*UTF8*$!
{
	archiveVersion = 1;
	classes = {
	};
	objectVersion = 50;
	objects = {

/* Begin PBXBuildFile section */
		A3E5892D25D18F1300008C35 /* ContourDetectorApp.swift in Sources */ = {isa = PBXBuildFile; fileRef = A3E5892C25D18F1300008C35 /* ContourDetectorApp.swift */; };
		A3E5892F25D18F1300008C35 /* ContentView.swift in Sources */ = {isa = PBXBuildFile; fileRef = A3E5892E25D18F1300008C35 /* ContentView.swift */; };
		A3E5893125D18F1500008C35 /* Assets.xcassets in Resources */ = {isa = PBXBuildFile; fileRef = A3E5893025D18F1500008C35 /* Assets.xcassets */; };
		A3E5893425D18F1500008C35 /* Preview Assets.xcassets in Resources */ = {isa = PBXBuildFile; fileRef = A3E5893325D18F1500008C35 /* Preview Assets.xcassets */; };
		A3E5893F25D18F1500008C35 /* ContourDetectorTests.swift in Sources */ = {isa = PBXBuildFile; fileRef = A3E5893E25D18F1500008C35 /* ContourDetectorTests.swift */; };
		A3E5894A25D18F1500008C35 /* ContourDetectorUITests.swift in Sources */ = {isa = PBXBuildFile; fileRef = A3E5894925D18F1500008C35 /* ContourDetectorUITests.swift */; };
		A3E5896225D1C8E700008C35 /* CustomFilter.swift in Sources */ = {isa = PBXBuildFile; fileRef = A3E5896125D1C8E700008C35 /* CustomFilter.swift */; };
/* End PBXBuildFile section */

/* Begin PBXContainerItemProxy section */
		A3E5893B25D18F1500008C35 /* PBXContainerItemProxy */ = {
			isa = PBXContainerItemProxy;
			containerPortal = A3E5892125D18F1300008C35 /* Project object */;
			proxyType = 1;
			remoteGlobalIDString = A3E5892825D18F1300008C35;
			remoteInfo = ContourDetector;
		};
		A3E5894625D18F1500008C35 /* PBXContainerItemProxy */ = {
			isa = PBXContainerItemProxy;
			containerPortal = A3E5892125D18F1300008C35 /* Project object */;
			proxyType = 1;
			remoteGlobalIDString = A3E5892825D18F1300008C35;
			remoteInfo = ContourDetector;
		};
/* End PBXContainerItemProxy section */

/* Begin PBXFileReference section */
		A3E5892925D18F1300008C35 /* ContourDetector.app */ = {isa = PBXFileReference; explicitFileType = wrapper.application; includeInIndex = 0; path = ContourDetector.app; sourceTree = BUILT_PRODUCTS_DIR; };
		A3E5892C25D18F1300008C35 /* ContourDetectorApp.swift */ = {isa = PBXFileReference; lastKnownFileType = sourcecode.swift; path = ContourDetectorApp.swift; sourceTree = "<group>"; };
		A3E5892E25D18F1300008C35 /* ContentView.swift */ = {isa = PBXFileReference; lastKnownFileType = sourcecode.swift; path = ContentView.swift; sourceTree = "<group>"; };
		A3E5893025D18F1500008C35 /* Assets.xcassets */ = {isa = PBXFileReference; lastKnownFileType = folder.assetcatalog; path = Assets.xcassets; sourceTree = "<group>"; };
		A3E5893325D18F1500008C35 /* Preview Assets.xcassets */ = {isa = PBXFileReference; lastKnownFileType = folder.assetcatalog; path = "Preview Assets.xcassets"; sourceTree = "<group>"; };
		A3E5893525D18F1500008C35 /* Info.plist */ = {isa = PBXFileReference; lastKnownFileType = text.plist.xml; path = Info.plist; sourceTree = "<group>"; };
		A3E5893A25D18F1500008C35 /* ContourDetectorTests.xctest */ = {isa = PBXFileReference; explicitFileType = wrapper.cfbundle; includeInIndex = 0; path = ContourDetectorTests.xctest; sourceTree = BUILT_PRODUCTS_DIR; };
		A3E5893E25D18F1500008C35 /* ContourDetectorTests.swift */ = {isa = PBXFileReference; lastKnownFileType = sourcecode.swift; path = ContourDetectorTests.swift; sourceTree = "<group>"; };
		A3E5894025D18F1500008C35 /* Info.plist */ = {isa = PBXFileReference; lastKnownFileType = text.plist.xml; path = Info.plist; sourceTree = "<group>"; };
		A3E5894525D18F1500008C35 /* ContourDetectorUITests.xctest */ = {isa = PBXFileReference; explicitFileType = wrapper.cfbundle; includeInIndex = 0; path = ContourDetectorUITests.xctest; sourceTree = BUILT_PRODUCTS_DIR; };
		A3E5894925D18F1500008C35 /* ContourDetectorUITests.swift */ = {isa = PBXFileReference; lastKnownFileType = sourcecode.swift; path = ContourDetectorUITests.swift; sourceTree = "<group>"; };
		A3E5894B25D18F1500008C35 /* Info.plist */ = {isa = PBXFileReference; lastKnownFileType = text.plist.xml; path = Info.plist; sourceTree = "<group>"; };
		A3E5896125D1C8E700008C35 /* CustomFilter.swift */ = {isa = PBXFileReference; lastKnownFileType = sourcecode.swift; path = CustomFilter.swift; sourceTree = "<group>"; };
/* End PBXFileReference section */

/* Begin PBXFrameworksBuildPhase section */
		A3E5892625D18F1300008C35 /* Frameworks */ = {
			isa = PBXFrameworksBuildPhase;
			buildActionMask = 2147483647;
			files = (
			);
			runOnlyForDeploymentPostprocessing = 0;
		};
		A3E5893725D18F1500008C35 /* Frameworks */ = {
			isa = PBXFrameworksBuildPhase;
			buildActionMask = 2147483647;
			files = (
			);
			runOnlyForDeploymentPostprocessing = 0;
		};
		A3E5894225D18F1500008C35 /* Frameworks */ = {
			isa = PBXFrameworksBuildPhase;
			buildActionMask = 2147483647;
			files = (
			);
			runOnlyForDeploymentPostprocessing = 0;
		};
/* End PBXFrameworksBuildPhase section */

/* Begin PBXGroup section */
		A3E5892025D18F1300008C35 = {
			isa = PBXGroup;
			children = (
				A3E5892B25D18F1300008C35 /* ContourDetector */,
				A3E5893D25D18F1500008C35 /* ContourDetectorTests */,
				A3E5894825D18F1500008C35 /* ContourDetectorUITests */,
				A3E5892A25D18F1300008C35 /* Products */,
			);
			sourceTree = "<group>";
		};
		A3E5892A25D18F1300008C35 /* Products */ = {
			isa = PBXGroup;
			children = (
				A3E5892925D18F1300008C35 /* ContourDetector.app */,
				A3E5893A25D18F1500008C35 /* ContourDetectorTests.xctest */,
				A3E5894525D18F1500008C35 /* ContourDetectorUITests.xctest */,
			);
			name = Products;
			sourceTree = "<group>";
		};
		A3E5892B25D18F1300008C35 /* ContourDetector */ = {
			isa = PBXGroup;
			children = (
				A3E5893525D18F1500008C35 /* Info.plist */,
				A3E5892E25D18F1300008C35 /* ContentView.swift */,
				A3E5892C25D18F1300008C35 /* ContourDetectorApp.swift */,
				A3E5896125D1C8E700008C35 /* CustomFilter.swift */,
				A3E5893025D18F1500008C35 /* Assets.xcassets */,
				A3E5893225D18F1500008C35 /* Preview Content */,
			);
			path = ContourDetector;
			sourceTree = "<group>";
		};
		A3E5893225D18F1500008C35 /* Preview Content */ = {
			isa = PBXGroup;
			children = (
				A3E5893325D18F1500008C35 /* Preview Assets.xcassets */,
			);
			path = "Preview Content";
			sourceTree = "<group>";
		};
		A3E5893D25D18F1500008C35 /* ContourDetectorTests */ = {
			isa = PBXGroup;
			children = (
				A3E5893E25D18F1500008C35 /* ContourDetectorTests.swift */,
				A3E5894025D18F1500008C35 /* Info.plist */,
			);
			path = ContourDetectorTests;
			sourceTree = "<group>";
		};
		A3E5894825D18F1500008C35 /* ContourDetectorUITests */ = {
			isa = PBXGroup;
			children = (
				A3E5894925D18F1500008C35 /* ContourDetectorUITests.swift */,
				A3E5894B25D18F1500008C35 /* Info.plist */,
			);
			path = ContourDetectorUITests;
			sourceTree = "<group>";
		};
/* End PBXGroup section */

/* Begin PBXNativeTarget section */
		A3E5892825D18F1300008C35 /* ContourDetector */ = {
			isa = PBXNativeTarget;
			buildConfigurationList = A3E5894E25D18F1500008C35 /* Build configuration list for PBXNativeTarget "ContourDetector" */;
			buildPhases = (
				A3E5892525D18F1300008C35 /* Sources */,
				A3E5892625D18F1300008C35 /* Frameworks */,
				A3E5892725D18F1300008C35 /* Resources */,
			);
			buildRules = (
			);
			dependencies = (
			);
			name = ContourDetector;
			productName = ContourDetector;
			productReference = A3E5892925D18F1300008C35 /* ContourDetector.app */;
			productType = "com.apple.product-type.application";
		};
		A3E5893925D18F1500008C35 /* ContourDetectorTests */ = {
			isa = PBXNativeTarget;
			buildConfigurationList = A3E5895125D18F1500008C35 /* Build configuration list for PBXNativeTarget "ContourDetectorTests" */;
			buildPhases = (
				A3E5893625D18F1500008C35 /* Sources */,
				A3E5893725D18F1500008C35 /* Frameworks */,
				A3E5893825D18F1500008C35 /* Resources */,
			);
			buildRules = (
			);
			dependencies = (
				A3E5893C25D18F1500008C35 /* PBXTargetDependency */,
			);
			name = ContourDetectorTests;
			productName = ContourDetectorTests;
			productReference = A3E5893A25D18F1500008C35 /* ContourDetectorTests.xctest */;
			productType = "com.apple.product-type.bundle.unit-test";
		};
		A3E5894425D18F1500008C35 /* ContourDetectorUITests */ = {
			isa = PBXNativeTarget;
			buildConfigurationList = A3E5895425D18F1500008C35 /* Build configuration list for PBXNativeTarget "ContourDetectorUITests" */;
			buildPhases = (
				A3E5894125D18F1500008C35 /* Sources */,
				A3E5894225D18F1500008C35 /* Frameworks */,
				A3E5894325D18F1500008C35 /* Resources */,
			);
			buildRules = (
			);
			dependencies = (
				A3E5894725D18F1500008C35 /* PBXTargetDependency */,
			);
			name = ContourDetectorUITests;
			productName = ContourDetectorUITests;
			productReference = A3E5894525D18F1500008C35 /* ContourDetectorUITests.xctest */;
			productType = "com.apple.product-type.bundle.ui-testing";
		};
/* End PBXNativeTarget section */

/* Begin PBXProject section */
		A3E5892125D18F1300008C35 /* Project object */ = {
			isa = PBXProject;
			attributes = {
				LastSwiftUpdateCheck = 1240;
				LastUpgradeCheck = 1240;
				TargetAttributes = {
					A3E5892825D18F1300008C35 = {
						CreatedOnToolsVersion = 12.4;
					};
					A3E5893925D18F1500008C35 = {
						CreatedOnToolsVersion = 12.4;
						TestTargetID = A3E5892825D18F1300008C35;
					};
					A3E5894425D18F1500008C35 = {
						CreatedOnToolsVersion = 12.4;
						TestTargetID = A3E5892825D18F1300008C35;
					};
				};
			};
			buildConfigurationList = A3E5892425D18F1300008C35 /* Build configuration list for PBXProject "ContourDetector" */;
			compatibilityVersion = "Xcode 9.3";
			developmentRegion = en;
			hasScannedForEncodings = 0;
			knownRegions = (
				en,
				Base,
			);
			mainGroup = A3E5892025D18F1300008C35;
			productRefGroup = A3E5892A25D18F1300008C35 /* Products */;
			projectDirPath = "";
			projectRoot = "";
			targets = (
				A3E5892825D18F1300008C35 /* ContourDetector */,
				A3E5893925D18F1500008C35 /* ContourDetectorTests */,
				A3E5894425D18F1500008C35 /* ContourDetectorUITests */,
			);
		};
/* End PBXProject section */

/* Begin PBXResourcesBuildPhase section */
		A3E5892725D18F1300008C35 /* Resources */ = {
			isa = PBXResourcesBuildPhase;
			buildActionMask = 2147483647;
			files = (
				A3E5893425D18F1500008C35 /* Preview Assets.xcassets in Resources */,
				A3E5893125D18F1500008C35 /* Assets.xcassets in Resources */,
			);
			runOnlyForDeploymentPostprocessing = 0;
		};
		A3E5893825D18F1500008C35 /* Resources */ = {
			isa = PBXResourcesBuildPhase;
			buildActionMask = 2147483647;
			files = (
			);
			runOnlyForDeploymentPostprocessing = 0;
		};
		A3E5894325D18F1500008C35 /* Resources */ = {
			isa = PBXResourcesBuildPhase;
			buildActionMask = 2147483647;
			files = (
			);
			runOnlyForDeploymentPostprocessing = 0;
		};
/* End PBXResourcesBuildPhase section */

/* Begin PBXSourcesBuildPhase section */
		A3E5892525D18F1300008C35 /* Sources */ = {
			isa = PBXSourcesBuildPhase;
			buildActionMask = 2147483647;
			files = (
				A3E5892F25D18F1300008C35 /* ContentView.swift in Sources */,
				A3E5896225D1C8E700008C35 /* CustomFilter.swift in Sources */,
				A3E5892D25D18F1300008C35 /* ContourDetectorApp.swift in Sources */,
			);
			runOnlyForDeploymentPostprocessing = 0;
		};
		A3E5893625D18F1500008C35 /* Sources */ = {
			isa = PBXSourcesBuildPhase;
			buildActionMask = 2147483647;
			files = (
				A3E5893F25D18F1500008C35 /* ContourDetectorTests.swift in Sources */,
			);
			runOnlyForDeploymentPostprocessing = 0;
		};
		A3E5894125D18F1500008C35 /* Sources */ = {
			isa = PBXSourcesBuildPhase;
			buildActionMask = 2147483647;
			files = (
				A3E5894A25D18F1500008C35 /* ContourDetectorUITests.swift in Sources */,
			);
			runOnlyForDeploymentPostprocessing = 0;
		};
/* End PBXSourcesBuildPhase section */

/* Begin PBXTargetDependency section */
		A3E5893C25D18F1500008C35 /* PBXTargetDependency */ = {
			isa = PBXTargetDependency;
			target = A3E5892825D18F1300008C35 /* ContourDetector */;
			targetProxy = A3E5893B25D18F1500008C35 /* PBXContainerItemProxy */;
		};
		A3E5894725D18F1500008C35 /* PBXTargetDependency */ = {
			isa = PBXTargetDependency;
			target = A3E5892825D18F1300008C35 /* ContourDetector */;
			targetProxy = A3E5894625D18F1500008C35 /* PBXContainerItemProxy */;
		};
/* End PBXTargetDependency section */

/* Begin XCBuildConfiguration section */
		A3E5894C25D18F1500008C35 /* Debug */ = {
			isa = XCBuildConfiguration;
			buildSettings = {
				ALWAYS_SEARCH_USER_PATHS = NO;
				CLANG_ANALYZER_NONNULL = YES;
				CLANG_ANALYZER_NUMBER_OBJECT_CONVERSION = YES_AGGRESSIVE;
				CLANG_CXX_LANGUAGE_STANDARD = "gnu++14";
				CLANG_CXX_LIBRARY = "libc++";
				CLANG_ENABLE_MODULES = YES;
				CLANG_ENABLE_OBJC_ARC = YES;
				CLANG_ENABLE_OBJC_WEAK = YES;
				CLANG_WARN_BLOCK_CAPTURE_AUTORELEASING = YES;
				CLANG_WARN_BOOL_CONVERSION = YES;
				CLANG_WARN_COMMA = YES;
				CLANG_WARN_CONSTANT_CONVERSION = YES;
				CLANG_WARN_DEPRECATED_OBJC_IMPLEMENTATIONS = YES;
				CLANG_WARN_DIRECT_OBJC_ISA_USAGE = YES_ERROR;
				CLANG_WARN_DOCUMENTATION_COMMENTS = YES;
				CLANG_WARN_EMPTY_BODY = YES;
				CLANG_WARN_ENUM_CONVERSION = YES;
				CLANG_WARN_INFINITE_RECURSION = YES;
				CLANG_WARN_INT_CONVERSION = YES;
				CLANG_WARN_NON_LITERAL_NULL_CONVERSION = YES;
				CLANG_WARN_OBJC_IMPLICIT_RETAIN_SELF = YES;
				CLANG_WARN_OBJC_LITERAL_CONVERSION = YES;
				CLANG_WARN_OBJC_ROOT_CLASS = YES_ERROR;
				CLANG_WARN_QUOTED_INCLUDE_IN_FRAMEWORK_HEADER = YES;
				CLANG_WARN_RANGE_LOOP_ANALYSIS = YES;
				CLANG_WARN_STRICT_PROTOTYPES = YES;
				CLANG_WARN_SUSPICIOUS_MOVE = YES;
				CLANG_WARN_UNGUARDED_AVAILABILITY = YES_AGGRESSIVE;
				CLANG_WARN_UNREACHABLE_CODE = YES;
				CLANG_WARN__DUPLICATE_METHOD_MATCH = YES;
				COPY_PHASE_STRIP = NO;
				DEBUG_INFORMATION_FORMAT = dwarf;
				ENABLE_STRICT_OBJC_MSGSEND = YES;
				ENABLE_TESTABILITY = YES;
				GCC_C_LANGUAGE_STANDARD = gnu11;
				GCC_DYNAMIC_NO_PIC = NO;
				GCC_NO_COMMON_BLOCKS = YES;
				GCC_OPTIMIZATION_LEVEL = 0;
				GCC_PREPROCESSOR_DEFINITIONS = (
					"DEBUG=1",
					"$(inherited)",
				);
				GCC_WARN_64_TO_32_BIT_CONVERSION = YES;
				GCC_WARN_ABOUT_RETURN_TYPE = YES_ERROR;
				GCC_WARN_UNDECLARED_SELECTOR = YES;
				GCC_WARN_UNINITIALIZED_AUTOS = YES_AGGRESSIVE;
				GCC_WARN_UNUSED_FUNCTION = YES;
				GCC_WARN_UNUSED_VARIABLE = YES;
				IPHONEOS_DEPLOYMENT_TARGET = 14.4;
				MTL_ENABLE_DEBUG_INFO = INCLUDE_SOURCE;
				MTL_FAST_MATH = YES;
				ONLY_ACTIVE_ARCH = YES;
				SDKROOT = iphoneos;
				SWIFT_ACTIVE_COMPILATION_CONDITIONS = DEBUG;
				SWIFT_OPTIMIZATION_LEVEL = "-Onone";
			};
			name = Debug;
		};
		A3E5894D25D18F1500008C35 /* Release */ = {
			isa = XCBuildConfiguration;
			buildSettings = {
				ALWAYS_SEARCH_USER_PATHS = NO;
				CLANG_ANALYZER_NONNULL = YES;
				CLANG_ANALYZER_NUMBER_OBJECT_CONVERSION = YES_AGGRESSIVE;
				CLANG_CXX_LANGUAGE_STANDARD = "gnu++14";
				CLANG_CXX_LIBRARY = "libc++";
				CLANG_ENABLE_MODULES = YES;
				CLANG_ENABLE_OBJC_ARC = YES;
				CLANG_ENABLE_OBJC_WEAK = YES;
				CLANG_WARN_BLOCK_CAPTURE_AUTORELEASING = YES;
				CLANG_WARN_BOOL_CONVERSION = YES;
				CLANG_WARN_COMMA = YES;
				CLANG_WARN_CONSTANT_CONVERSION = YES;
				CLANG_WARN_DEPRECATED_OBJC_IMPLEMENTATIONS = YES;
				CLANG_WARN_DIRECT_OBJC_ISA_USAGE = YES_ERROR;
				CLANG_WARN_DOCUMENTATION_COMMENTS = YES;
				CLANG_WARN_EMPTY_BODY = YES;
				CLANG_WARN_ENUM_CONVERSION = YES;
				CLANG_WARN_INFINITE_RECURSION = YES;
				CLANG_WARN_INT_CONVERSION = YES;
				CLANG_WARN_NON_LITERAL_NULL_CONVERSION = YES;
				CLANG_WARN_OBJC_IMPLICIT_RETAIN_SELF = YES;
				CLANG_WARN_OBJC_LITERAL_CONVERSION = YES;
				CLANG_WARN_OBJC_ROOT_CLASS = YES_ERROR;
				CLANG_WARN_QUOTED_INCLUDE_IN_FRAMEWORK_HEADER = YES;
				CLANG_WARN_RANGE_LOOP_ANALYSIS = YES;
				CLANG_WARN_STRICT_PROTOTYPES = YES;
				CLANG_WARN_SUSPICIOUS_MOVE = YES;
				CLANG_WARN_UNGUARDED_AVAILABILITY = YES_AGGRESSIVE;
				CLANG_WARN_UNREACHABLE_CODE = YES;
				CLANG_WARN__DUPLICATE_METHOD_MATCH = YES;
				COPY_PHASE_STRIP = NO;
				DEBUG_INFORMATION_FORMAT = "dwarf-with-dsym";
				ENABLE_NS_ASSERTIONS = NO;
				ENABLE_STRICT_OBJC_MSGSEND = YES;
				GCC_C_LANGUAGE_STANDARD = gnu11;
				GCC_NO_COMMON_BLOCKS = YES;
				GCC_WARN_64_TO_32_BIT_CONVERSION = YES;
				GCC_WARN_ABOUT_RETURN_TYPE = YES_ERROR;
				GCC_WARN_UNDECLARED_SELECTOR = YES;
				GCC_WARN_UNINITIALIZED_AUTOS = YES_AGGRESSIVE;
				GCC_WARN_UNUSED_FUNCTION = YES;
				GCC_WARN_UNUSED_VARIABLE = YES;
				IPHONEOS_DEPLOYMENT_TARGET = 14.4;
				MTL_ENABLE_DEBUG_INFO = NO;
				MTL_FAST_MATH = YES;
				SDKROOT = iphoneos;
				SWIFT_COMPILATION_MODE = wholemodule;
				SWIFT_OPTIMIZATION_LEVEL = "-O";
				VALIDATE_PRODUCT = YES;
			};
			name = Release;
		};
		A3E5894F25D18F1500008C35 /* Debug */ = {
			isa = XCBuildConfiguration;
			buildSettings = {
				ASSETCATALOG_COMPILER_APPICON_NAME = AppIcon;
				ASSETCATALOG_COMPILER_GLOBAL_ACCENT_COLOR_NAME = AccentColor;
				CODE_SIGN_STYLE = Automatic;
				DEVELOPMENT_ASSET_PATHS = "\"ContourDetector/Preview Content\"";
				DEVELOPMENT_TEAM = Z9H8DB4ACA;
				ENABLE_PREVIEWS = YES;
				INFOPLIST_FILE = ContourDetector/Info.plist;
				IPHONEOS_DEPLOYMENT_TARGET = 14.0;
				LD_RUNPATH_SEARCH_PATHS = (
					"$(inherited)",
					"@executable_path/Frameworks",
				);
				PRODUCT_BUNDLE_IDENTIFIER = com.dariojg.ContourDetector;
				PRODUCT_NAME = "$(TARGET_NAME)";
				SWIFT_VERSION = 5.0;
				TARGETED_DEVICE_FAMILY = "1,2";
			};
			name = Debug;
		};
		A3E5895025D18F1500008C35 /* Release */ = {
			isa = XCBuildConfiguration;
			buildSettings = {
				ASSETCATALOG_COMPILER_APPICON_NAME = AppIcon;
				ASSETCATALOG_COMPILER_GLOBAL_ACCENT_COLOR_NAME = AccentColor;
				CODE_SIGN_STYLE = Automatic;
				DEVELOPMENT_ASSET_PATHS = "\"ContourDetector/Preview Content\"";
				DEVELOPMENT_TEAM = Z9H8DB4ACA;
				ENABLE_PREVIEWS = YES;
				INFOPLIST_FILE = ContourDetector/Info.plist;
				IPHONEOS_DEPLOYMENT_TARGET = 14.0;
				LD_RUNPATH_SEARCH_PATHS = (
					"$(inherited)",
					"@executable_path/Frameworks",
				);
				PRODUCT_BUNDLE_IDENTIFIER = com.dariojg.ContourDetector;
				PRODUCT_NAME = "$(TARGET_NAME)";
				SWIFT_VERSION = 5.0;
				TARGETED_DEVICE_FAMILY = "1,2";
			};
			name = Release;
		};
		A3E5895225D18F1500008C35 /* Debug */ = {
			isa = XCBuildConfiguration;
			buildSettings = {
				ALWAYS_EMBED_SWIFT_STANDARD_LIBRARIES = YES;
				BUNDLE_LOADER = "$(TEST_HOST)";
				CODE_SIGN_STYLE = Automatic;
				INFOPLIST_FILE = ContourDetectorTests/Info.plist;
				IPHONEOS_DEPLOYMENT_TARGET = 14.0;
				LD_RUNPATH_SEARCH_PATHS = (
					"$(inherited)",
					"@executable_path/Frameworks",
					"@loader_path/Frameworks",
				);
				PRODUCT_BUNDLE_IDENTIFIER = com.dariojg.ContourDetectorTests;
				PRODUCT_NAME = "$(TARGET_NAME)";
				SWIFT_VERSION = 5.0;
				TARGETED_DEVICE_FAMILY = "1,2";
				TEST_HOST = "$(BUILT_PRODUCTS_DIR)/ContourDetector.app/ContourDetector";
			};
			name = Debug;
		};
		A3E5895325D18F1500008C35 /* Release */ = {
			isa = XCBuildConfiguration;
			buildSettings = {
				ALWAYS_EMBED_SWIFT_STANDARD_LIBRARIES = YES;
				BUNDLE_LOADER = "$(TEST_HOST)";
				CODE_SIGN_STYLE = Automatic;
				INFOPLIST_FILE = ContourDetectorTests/Info.plist;
				IPHONEOS_DEPLOYMENT_TARGET = 14.0;
				LD_RUNPATH_SEARCH_PATHS = (
					"$(inherited)",
					"@executable_path/Frameworks",
					"@loader_path/Frameworks",
				);
				PRODUCT_BUNDLE_IDENTIFIER = com.dariojg.ContourDetectorTests;
				PRODUCT_NAME = "$(TARGET_NAME)";
				SWIFT_VERSION = 5.0;
				TARGETED_DEVICE_FAMILY = "1,2";
				TEST_HOST = "$(BUILT_PRODUCTS_DIR)/ContourDetector.app/ContourDetector";
			};
			name = Release;
		};
		A3E5895525D18F1500008C35 /* Debug */ = {
			isa = XCBuildConfiguration;
			buildSettings = {
				ALWAYS_EMBED_SWIFT_STANDARD_LIBRARIES = YES;
				CODE_SIGN_STYLE = Automatic;
				INFOPLIST_FILE = ContourDetectorUITests/Info.plist;
				LD_RUNPATH_SEARCH_PATHS = (
					"$(inherited)",
					"@executable_path/Frameworks",
					"@loader_path/Frameworks",
				);
				PRODUCT_BUNDLE_IDENTIFIER = com.dariojg.ContourDetectorUITests;
				PRODUCT_NAME = "$(TARGET_NAME)";
				SWIFT_VERSION = 5.0;
				TARGETED_DEVICE_FAMILY = "1,2";
				TEST_TARGET_NAME = ContourDetector;
			};
			name = Debug;
		};
		A3E5895625D18F1500008C35 /* Release */ = {
			isa = XCBuildConfiguration;
			buildSettings = {
				ALWAYS_EMBED_SWIFT_STANDARD_LIBRARIES = YES;
				CODE_SIGN_STYLE = Automatic;
				INFOPLIST_FILE = ContourDetectorUITests/Info.plist;
				LD_RUNPATH_SEARCH_PATHS = (
					"$(inherited)",
					"@executable_path/Frameworks",
					"@loader_path/Frameworks",
				);
				PRODUCT_BUNDLE_IDENTIFIER = com.dariojg.ContourDetectorUITests;
				PRODUCT_NAME = "$(TARGET_NAME)";
				SWIFT_VERSION = 5.0;
				TARGETED_DEVICE_FAMILY = "1,2";
				TEST_TARGET_NAME = ContourDetector;
			};
			name = Release;
		};
/* End XCBuildConfiguration section */

/* Begin XCConfigurationList section */
		A3E5892425D18F1300008C35 /* Build configuration list for PBXProject "ContourDetector" */ = {
			isa = XCConfigurationList;
			buildConfigurations = (
				A3E5894C25D18F1500008C35 /* Debug */,
				A3E5894D25D18F1500008C35 /* Release */,
			);
			defaultConfigurationIsVisible = 0;
			defaultConfigurationName = Release;
		};
		A3E5894E25D18F1500008C35 /* Build configuration list for PBXNativeTarget "ContourDetector" */ = {
			isa = XCConfigurationList;
			buildConfigurations = (
				A3E5894F25D18F1500008C35 /* Debug */,
				A3E5895025D18F1500008C35 /* Release */,
			);
			defaultConfigurationIsVisible = 0;
			defaultConfigurationName = Release;
		};
		A3E5895125D18F1500008C35 /* Build configuration list for PBXNativeTarget "ContourDetectorTests" */ = {
			isa = XCConfigurationList;
			buildConfigurations = (
				A3E5895225D18F1500008C35 /* Debug */,
				A3E5895325D18F1500008C35 /* Release */,
			);
			defaultConfigurationIsVisible = 0;
			defaultConfigurationName = Release;
		};
		A3E5895425D18F1500008C35 /* Build configuration list for PBXNativeTarget "ContourDetectorUITests" */ = {
			isa = XCConfigurationList;
			buildConfigurations = (
				A3E5895525D18F1500008C35 /* Debug */,
				A3E5895625D18F1500008C35 /* Release */,
			);
			defaultConfigurationIsVisible = 0;
			defaultConfigurationName = Release;
		};
/* End XCConfigurationList section */
	};
	rootObject = A3E5892125D18F1300008C35 /* Project object */;
}
